
Microsoft Visual Studio Solution File, Format Version 12.00
Project("{FAE04EC0-301F-11D3-BF4B-00C04F79EFBC}") = "AreaLibrary", "AreaLibrary\AreaLibrary.csproj", "{B12736AD-DA25-4BCF-84F9-7F67B07ACD4F}"
EndProject
Project("{FAE04EC0-301F-11D3-BF4B-00C04F79EFBC}") = "AreaTest", "AreaTest\AreaTest.csproj", "{C42307CB-8333-4B89-BAC7-142AC9B7F288}"
EndProject
Global
	GlobalSection(SolutionConfigurationPlatforms) = preSolution
		Debug|Any CPU = Debug|Any CPU
		Release|Any CPU = Release|Any CPU
	EndGlobalSection
	GlobalSection(ProjectConfigurationPlatforms) = postSolution
		{B12736AD-DA25-4BCF-84F9-7F67B07ACD4F}.Debug|Any CPU.ActiveCfg = Debug|Any CPU
		{B12736AD-DA25-4BCF-84F9-7F67B07ACD4F}.Debug|Any CPU.Build.0 = Debug|Any CPU
		{B12736AD-DA25-4BCF-84F9-7F67B07ACD4F}.Release|Any CPU.ActiveCfg = Release|Any CPU
		{B12736AD-DA25-4BCF-84F9-7F67B07ACD4F}.Release|Any CPU.Build.0 = Release|Any CPU
		{C42307CB-8333-4B89-BAC7-142AC9B7F288}.Debug|Any CPU.ActiveCfg = Debug|Any CPU
		{C42307CB-8333-4B89-BAC7-142AC9B7F288}.Debug|Any CPU.Build.0 = Debug|Any CPU
		{C42307CB-8333-4B89-BAC7-142AC9B7F288}.Release|Any CPU.ActiveCfg = Release|Any CPU
		{C42307CB-8333-4B89-BAC7-142AC9B7F288}.Release|Any CPU.Build.0 = Release|Any CPU
	EndGlobalSection
EndGlobal
